
Microsoft Visual Studio Solution File, Format Version 12.00
# Visual Studio Version 17
VisualStudioVersion = 17.0.31903.59
MinimumVisualStudioVersion = 10.0.40219.1
Project("{2150E333-8FDC-42A3-9474-1A3956D46DE8}") = "src", "src", "{70D98940-D676-468A-9CE1-9388F44E90AC}"
EndProject
Project("{FAE04EC0-301F-11D3-BF4B-00C04F79EFBC}") = "MarsVista.Api", "src\MarsVista.Api\MarsVista.Api.csproj", "{B47694F5-C868-4A8C-8DBC-8DF4A206BE81}"
EndProject
Project("{2150E333-8FDC-42A3-9474-1A3956D46DE8}") = "tests", "tests", "{B91B5A7C-8106-42FF-A202-8EDDD18D0FC6}"
EndProject
Project("{FAE04EC0-301F-11D3-BF4B-00C04F79EFBC}") = "MarsVista.Api.Tests", "tests\MarsVista.Api.Tests\MarsVista.Api.Tests.csproj", "{B252DD3A-C746-42B6-A5AC-9BFAF4187D22}"
EndProject
Project("{FAE04EC0-301F-11D3-BF4B-00C04F79EFBC}") = "MarsVista.Core", "src\MarsVista.Core\MarsVista.Core.csproj", "{5BBA5A1E-EA10-46D3-86DB-2B5C64EFDAA4}"
EndProject
Project("{FAE04EC0-301F-11D3-BF4B-00C04F79EFBC}") = "MarsVista.Scraper", "src\MarsVista.Scraper\MarsVista.Scraper.csproj", "{28FFBF3A-6A59-40EB-A1B3-F9CE2A40C517}"
EndProject
Project("{FAE04EC0-301F-11D3-BF4B-00C04F79EFBC}") = "MarsVista.Scraper.Tests", "tests\MarsVista.Scraper.Tests\MarsVista.Scraper.Tests.csproj", "{B28DEB22-3CFE-4894-B21B-4D2EEC01603D}"
EndProject
Global
	GlobalSection(SolutionConfigurationPlatforms) = preSolution
		Debug|Any CPU = Debug|Any CPU
		Release|Any CPU = Release|Any CPU
	EndGlobalSection
	GlobalSection(SolutionProperties) = preSolution
		HideSolutionNode = FALSE
	EndGlobalSection
	GlobalSection(ProjectConfigurationPlatforms) = postSolution
		{B47694F5-C868-4A8C-8DBC-8DF4A206BE81}.Debug|Any CPU.ActiveCfg = Debug|Any CPU
		{B47694F5-C868-4A8C-8DBC-8DF4A206BE81}.Debug|Any CPU.Build.0 = Debug|Any CPU
		{B47694F5-C868-4A8C-8DBC-8DF4A206BE81}.Release|Any CPU.ActiveCfg = Release|Any CPU
		{B47694F5-C868-4A8C-8DBC-8DF4A206BE81}.Release|Any CPU.Build.0 = Release|Any CPU
		{B252DD3A-C746-42B6-A5AC-9BFAF4187D22}.Debug|Any CPU.ActiveCfg = Debug|Any CPU
		{B252DD3A-C746-42B6-A5AC-9BFAF4187D22}.Debug|Any CPU.Build.0 = Debug|Any CPU
		{B252DD3A-C746-42B6-A5AC-9BFAF4187D22}.Release|Any CPU.ActiveCfg = Release|Any CPU
		{B252DD3A-C746-42B6-A5AC-9BFAF4187D22}.Release|Any CPU.Build.0 = Release|Any CPU
		{5BBA5A1E-EA10-46D3-86DB-2B5C64EFDAA4}.Debug|Any CPU.ActiveCfg = Debug|Any CPU
		{5BBA5A1E-EA10-46D3-86DB-2B5C64EFDAA4}.Debug|Any CPU.Build.0 = Debug|Any CPU
		{5BBA5A1E-EA10-46D3-86DB-2B5C64EFDAA4}.Release|Any CPU.ActiveCfg = Release|Any CPU
		{5BBA5A1E-EA10-46D3-86DB-2B5C64EFDAA4}.Release|Any CPU.Build.0 = Release|Any CPU
		{28FFBF3A-6A59-40EB-A1B3-F9CE2A40C517}.Debug|Any CPU.ActiveCfg = Debug|Any CPU
		{28FFBF3A-6A59-40EB-A1B3-F9CE2A40C517}.Debug|Any CPU.Build.0 = Debug|Any CPU
		{28FFBF3A-6A59-40EB-A1B3-F9CE2A40C517}.Release|Any CPU.ActiveCfg = Release|Any CPU
		{28FFBF3A-6A59-40EB-A1B3-F9CE2A40C517}.Release|Any CPU.Build.0 = Release|Any CPU
		{B28DEB22-3CFE-4894-B21B-4D2EEC01603D}.Debug|Any CPU.ActiveCfg = Debug|Any CPU
		{B28DEB22-3CFE-4894-B21B-4D2EEC01603D}.Debug|Any CPU.Build.0 = Debug|Any CPU
		{B28DEB22-3CFE-4894-B21B-4D2EEC01603D}.Release|Any CPU.ActiveCfg = Release|Any CPU
		{B28DEB22-3CFE-4894-B21B-4D2EEC01603D}.Release|Any CPU.Build.0 = Release|Any CPU
	EndGlobalSection
	GlobalSection(NestedProjects) = preSolution
		{B47694F5-C868-4A8C-8DBC-8DF4A206BE81} = {70D98940-D676-468A-9CE1-9388F44E90AC}
		{B252DD3A-C746-42B6-A5AC-9BFAF4187D22} = {B91B5A7C-8106-42FF-A202-8EDDD18D0FC6}
		{5BBA5A1E-EA10-46D3-86DB-2B5C64EFDAA4} = {70D98940-D676-468A-9CE1-9388F44E90AC}
		{28FFBF3A-6A59-40EB-A1B3-F9CE2A40C517} = {70D98940-D676-468A-9CE1-9388F44E90AC}
		{B28DEB22-3CFE-4894-B21B-4D2EEC01603D} = {B91B5A7C-8106-42FF-A202-8EDDD18D0FC6}
	EndGlobalSection
EndGlobal
